
Microsoft Visual Studio Solution File, Format Version 12.00
# Visual Studio 15
VisualStudioVersion = 15.0.27703.2035
MinimumVisualStudioVersion = 10.0.40219.1
Project("{FAE04EC0-301F-11D3-BF4B-00C04F79EFBC}") = "Introduction", "ConsoleApp2\Introduction.csproj", "{BCAEB210-E26F-4962-B360-4B3BC05D929C}"
EndProject
Global
	GlobalSection(SolutionConfigurationPlatforms) = preSolution
		Debug|Any CPU = Debug|Any CPU
		Release|Any CPU = Release|Any CPU
	EndGlobalSection
	GlobalSection(ProjectConfigurationPlatforms) = postSolution
		{BCAEB210-E26F-4962-B360-4B3BC05D929C}.Debug|Any CPU.ActiveCfg = Debug|Any CPU
		{BCAEB210-E26F-4962-B360-4B3BC05D929C}.Debug|Any CPU.Build.0 = Debug|Any CPU
		{BCAEB210-E26F-4962-B360-4B3BC05D929C}.Release|Any CPU.ActiveCfg = Release|Any CPU
		{BCAEB210-E26F-4962-B360-4B3BC05D929C}.Release|Any CPU.Build.0 = Release|Any CPU
	EndGlobalSection
	GlobalSection(SolutionProperties) = preSolution
		HideSolutionNode = FALSE
	EndGlobalSection
	GlobalSection(ExtensibilityGlobals) = postSolution
		SolutionGuid = {38F0A97F-5EBE-4E5D-B51B-9E802DF8A805}
	EndGlobalSection
EndGlobal
